
Microsoft Visual Studio Solution File, Format Version 12.00
# Visual Studio Version 16
VisualStudioVersion = 16.0.31515.178
MinimumVisualStudioVersion = 10.0.40219.1
Project("{FAE04EC0-301F-11D3-BF4B-00C04F79EFBC}") = "KaaDevAlert", "KaaDevAlert\KaaDevAlert.csproj", "{B1335E68-BA6C-420D-90B5-57B345769FA6}"
EndProject
Global
	GlobalSection(SolutionConfigurationPlatforms) = preSolution
		Debug|Any CPU = Debug|Any CPU
		Release|Any CPU = Release|Any CPU
	EndGlobalSection
	GlobalSection(ProjectConfigurationPlatforms) = postSolution
		{B1335E68-BA6C-420D-90B5-57B345769FA6}.Debug|Any CPU.ActiveCfg = Debug|Any CPU
		{B1335E68-BA6C-420D-90B5-57B345769FA6}.Debug|Any CPU.Build.0 = Debug|Any CPU
		{B1335E68-BA6C-420D-90B5-57B345769FA6}.Release|Any CPU.ActiveCfg = Release|Any CPU
		{B1335E68-BA6C-420D-90B5-57B345769FA6}.Release|Any CPU.Build.0 = Release|Any CPU
	EndGlobalSection
	GlobalSection(SolutionProperties) = preSolution
		HideSolutionNode = FALSE
	EndGlobalSection
	GlobalSection(ExtensibilityGlobals) = postSolution
		SolutionGuid = {30C0BB26-E7E6-4E7C-BDDC-F64BB45081FF}
	EndGlobalSection
EndGlobal
